
Microsoft Visual Studio Solution File, Format Version 12.00
# Visual Studio 14
VisualStudioVersion = 14.0.23107.0
MinimumVisualStudioVersion = 10.0.40219.1
Project("{FAE04EC0-301F-11D3-BF4B-00C04F79EFBC}") = "DesktopMailingSystem.Infrastructure", "DesktopMailingSystem.Infrastructure\DesktopMailingSystem.Infrastructure.csproj", "{7D0FB54A-0CA5-440F-926A-E8E70F8E5DC3}"
EndProject
Project("{FAE04EC0-301F-11D3-BF4B-00C04F79EFBC}") = "DesktopMailingSystem.Shell", "DesktopMailingSystem.Shell\DesktopMailingSystem.Shell.csproj", "{8C6E3264-87D9-4E70-9224-CAF91A367138}"
EndProject
Global
	GlobalSection(SolutionConfigurationPlatforms) = preSolution
		Debug|Any CPU = Debug|Any CPU
		Release|Any CPU = Release|Any CPU
	EndGlobalSection
	GlobalSection(ProjectConfigurationPlatforms) = postSolution
		{7D0FB54A-0CA5-440F-926A-E8E70F8E5DC3}.Debug|Any CPU.ActiveCfg = Debug|Any CPU
		{7D0FB54A-0CA5-440F-926A-E8E70F8E5DC3}.Debug|Any CPU.Build.0 = Debug|Any CPU
		{7D0FB54A-0CA5-440F-926A-E8E70F8E5DC3}.Release|Any CPU.ActiveCfg = Release|Any CPU
		{7D0FB54A-0CA5-440F-926A-E8E70F8E5DC3}.Release|Any CPU.Build.0 = Release|Any CPU
		{8C6E3264-87D9-4E70-9224-CAF91A367138}.Debug|Any CPU.ActiveCfg = Debug|Any CPU
		{8C6E3264-87D9-4E70-9224-CAF91A367138}.Debug|Any CPU.Build.0 = Debug|Any CPU
		{8C6E3264-87D9-4E70-9224-CAF91A367138}.Release|Any CPU.ActiveCfg = Release|Any CPU
		{8C6E3264-87D9-4E70-9224-CAF91A367138}.Release|Any CPU.Build.0 = Release|Any CPU
	EndGlobalSection
	GlobalSection(SolutionProperties) = preSolution
		HideSolutionNode = FALSE
	EndGlobalSection
EndGlobal
